
Microsoft Visual Studio Solution File, Format Version 12.00
# Visual Studio Version 17
VisualStudioVersion = 17.14.36811.4 d17.14
MinimumVisualStudioVersion = 10.0.40219.1
Project("{FAE04EC0-301F-11D3-BF4B-00C04F79EFBC}") = "BottleCapForYou", "BottleCapForYou\BottleCapForYou.csproj", "{38F128F3-0F74-82E3-B53D-94BAF296C9AA}"
EndProject
Global
	GlobalSection(SolutionConfigurationPlatforms) = preSolution
		Debug|Any CPU = Debug|Any CPU
		Release|Any CPU = Release|Any CPU
	EndGlobalSection
	GlobalSection(ProjectConfigurationPlatforms) = postSolution
		{38F128F3-0F74-82E3-B53D-94BAF296C9AA}.Debug|Any CPU.ActiveCfg = Debug|Any CPU
		{38F128F3-0F74-82E3-B53D-94BAF296C9AA}.Debug|Any CPU.Build.0 = Debug|Any CPU
		{38F128F3-0F74-82E3-B53D-94BAF296C9AA}.Release|Any CPU.ActiveCfg = Release|Any CPU
		{38F128F3-0F74-82E3-B53D-94BAF296C9AA}.Release|Any CPU.Build.0 = Release|Any CPU
	EndGlobalSection
	GlobalSection(SolutionProperties) = preSolution
		HideSolutionNode = FALSE
	EndGlobalSection
	GlobalSection(ExtensibilityGlobals) = postSolution
		SolutionGuid = {FE16486C-F4EA-4DAA-A66F-BE096116E74A}
	EndGlobalSection
EndGlobal
